{
  "version": 4,
  "terraform_version": "1.4.6",
  "serial": 518,
  "lineage": "8359dde6-2b30-875a-ca4f-e91f66bfe662",
  "outputs": {
    "public_ipv4_address": {
      "value": "34.229.196.108",
      "type": "string"
    }
  },
  "resources": [
    {
      "mode": "data",
      "type": "aws_ami",
      "name": "amazon_linux",
      "provider": "provider[\"registry.terraform.io/hashicorp/aws\"]",
      "instances": [
        {
          "schema_version": 0,
          "attributes": {
            "architecture": "x86_64",
            "arn": "arn:aws:ec2:us-east-1::image/ami-02d69c34f7a0bf36a",
            "block_device_mappings": [
              {
                "device_name": "/dev/xvda",
                "ebs": {
                  "delete_on_termination": "true",
                  "encrypted": "false",
                  "iops": "0",
                  "snapshot_id": "snap-02e611729f35bfecc",
                  "throughput": "0",
                  "volume_size": "8",
                  "volume_type": "gp2"
                },
                "no_device": "",
                "virtual_name": ""
              }
            ],
            "boot_mode": "",
            "creation_date": "2023-04-20T19:32:46.000Z",
            "deprecation_time": "2025-04-20T19:32:46.000Z",
            "description": "Amazon Linux 2 AMI 2.0.20230418.0 x86_64 HVM gp2",
            "ena_support": true,
            "executable_users": null,
            "filter": [
              {
                "name": "name",
                "values": [
                  "amzn2-ami-hvm*"
                ]
              },
              {
                "name": "owner-alias",
                "values": [
                  "amazon"
                ]
              }
            ],
            "hypervisor": "xen",
            "id": "ami-02d69c34f7a0bf36a",
            "image_id": "ami-02d69c34f7a0bf36a",
            "image_location": "amazon/amzn2-ami-hvm-2.0.20230418.0-x86_64-gp2",
            "image_owner_alias": "amazon",
            "image_type": "machine",
            "imds_support": "",
            "include_deprecated": false,
            "kernel_id": "",
            "most_recent": true,
            "name": "amzn2-ami-hvm-2.0.20230418.0-x86_64-gp2",
            "name_regex": null,
            "owner_id": "137112412989",
            "owners": [
              "amazon"
            ],
            "platform": "",
            "platform_details": "Linux/UNIX",
            "product_codes": [],
            "public": true,
            "ramdisk_id": "",
            "root_device_name": "/dev/xvda",
            "root_device_type": "ebs",
            "root_snapshot_id": "snap-02e611729f35bfecc",
            "sriov_net_support": "simple",
            "state": "available",
            "state_reason": {
              "code": "UNSET",
              "message": "UNSET"
            },
            "tags": {},
            "timeouts": null,
            "tpm_support": "",
            "usage_operation": "RunInstances",
            "virtualization_type": "hvm"
          },
          "sensitive_attributes": []
        }
      ]
    },
    {
      "mode": "data",
      "type": "aws_availability_zones",
      "name": "zones",
      "provider": "provider[\"registry.terraform.io/hashicorp/aws\"]",
      "instances": [
        {
          "schema_version": 0,
          "attributes": {
            "all_availability_zones": null,
            "exclude_names": null,
            "exclude_zone_ids": null,
            "filter": null,
            "group_names": [
              "us-east-1"
            ],
            "id": "us-east-1",
            "names": [
              "us-east-1a",
              "us-east-1b",
              "us-east-1c",
              "us-east-1d",
              "us-east-1e",
              "us-east-1f"
            ],
            "state": "available",
            "timeouts": null,
            "zone_ids": [
              "use1-az6",
              "use1-az1",
              "use1-az2",
              "use1-az4",
              "use1-az3",
              "use1-az5"
            ]
          },
          "sensitive_attributes": []
        }
      ]
    },
    {
      "mode": "managed",
      "type": "aws_instance",
      "name": "ec2_nginx_website_instance",
      "provider": "provider[\"registry.terraform.io/hashicorp/aws\"]",
      "instances": [
        {
          "schema_version": 1,
          "attributes": {
            "ami": "ami-02d69c34f7a0bf36a",
            "arn": "arn:aws:ec2:us-east-1:948107632124:instance/i-061f53e5df52a4275",
            "associate_public_ip_address": true,
            "availability_zone": "us-east-1a",
            "capacity_reservation_specification": [
              {
                "capacity_reservation_preference": "open",
                "capacity_reservation_target": []
              }
            ],
            "cpu_core_count": 1,
            "cpu_options": [
              {
                "amd_sev_snp": "",
                "core_count": 1,
                "threads_per_core": 2
              }
            ],
            "cpu_threads_per_core": 2,
            "credit_specification": [
              {
                "cpu_credits": "unlimited"
              }
            ],
            "disable_api_stop": false,
            "disable_api_termination": false,
            "ebs_block_device": [],
            "ebs_optimized": false,
            "enclave_options": [
              {
                "enabled": false
              }
            ],
            "ephemeral_block_device": [],
            "get_password_data": false,
            "hibernation": false,
            "host_id": "",
            "host_resource_group_arn": null,
            "iam_instance_profile": "",
            "id": "i-061f53e5df52a4275",
            "instance_initiated_shutdown_behavior": "stop",
            "instance_state": "running",
            "instance_type": "t3.micro",
            "ipv6_address_count": 0,
            "ipv6_addresses": [],
            "key_name": "test-1",
            "launch_template": [],
            "maintenance_options": [
              {
                "auto_recovery": "default"
              }
            ],
            "metadata_options": [
              {
                "http_endpoint": "enabled",
                "http_put_response_hop_limit": 1,
                "http_tokens": "optional",
                "instance_metadata_tags": "disabled"
              }
            ],
            "monitoring": false,
            "network_interface": [],
            "outpost_arn": "",
            "password_data": "",
            "placement_group": "",
            "placement_partition_number": 0,
            "primary_network_interface_id": "eni-055c5a15df6bfc00f",
            "private_dns": "ip-10-0-2-73.ec2.internal",
            "private_dns_name_options": [
              {
                "enable_resource_name_dns_a_record": true,
                "enable_resource_name_dns_aaaa_record": false,
                "hostname_type": "ip-name"
              }
            ],
            "private_ip": "10.0.2.73",
            "public_dns": "",
            "public_ip": "34.229.196.108",
            "root_block_device": [
              {
                "delete_on_termination": true,
                "device_name": "/dev/xvda",
                "encrypted": false,
                "iops": 100,
                "kms_key_id": "",
                "tags": {},
                "throughput": 0,
                "volume_id": "vol-0fc15d3636c2e6caa",
                "volume_size": 8,
                "volume_type": "gp2"
              }
            ],
            "secondary_private_ips": [],
            "security_groups": [],
            "source_dest_check": true,
            "subnet_id": "subnet-0893d251da91d5bd0",
            "tags": {
              "Name": "ec2_website_instance"
            },
            "tags_all": {
              "Name": "ec2_website_instance"
            },
            "tenancy": "default",
            "timeouts": null,
            "user_data": "76ea81b5b7b195ad56f205c29645fd155806f0ea",
            "user_data_base64": null,
            "user_data_replace_on_change": false,
            "volume_tags": null,
            "vpc_security_group_ids": [
              "sg-0ef3d19fd07a35a78"
            ]
          },
          "sensitive_attributes": [],
          "private": "eyJlMmJmYjczMC1lY2FhLTExZTYtOGY4OC0zNDM2M2JjN2M0YzAiOnsiY3JlYXRlIjo2MDAwMDAwMDAwMDAsImRlbGV0ZSI6MTIwMDAwMDAwMDAwMCwidXBkYXRlIjo2MDAwMDAwMDAwMDB9LCJzY2hlbWFfdmVyc2lvbiI6IjEifQ==",
          "dependencies": [
            "aws_security_group.ec2_website_security_group",
            "aws_subnet.public_website_fpm_nginx_subnet",
            "aws_vpc.website_fpm_nginx_vpc",
            "data.aws_ami.amazon_linux",
            "data.aws_availability_zones.zones"
          ]
        }
      ]
    },
    {
      "mode": "managed",
      "type": "aws_internet_gateway",
      "name": "website_fpm_nginx_gateway",
      "provider": "provider[\"registry.terraform.io/hashicorp/aws\"]",
      "instances": [
        {
          "schema_version": 0,
          "attributes": {
            "arn": "arn:aws:ec2:us-east-1:948107632124:internet-gateway/igw-0d17873a061f23fe7",
            "id": "igw-0d17873a061f23fe7",
            "owner_id": "948107632124",
            "tags": null,
            "tags_all": {},
            "timeouts": null,
            "vpc_id": "vpc-067851149a1c399c8"
          },
          "sensitive_attributes": [],
          "private": "eyJlMmJmYjczMC1lY2FhLTExZTYtOGY4OC0zNDM2M2JjN2M0YzAiOnsiY3JlYXRlIjoxMjAwMDAwMDAwMDAwLCJkZWxldGUiOjEyMDAwMDAwMDAwMDAsInVwZGF0ZSI6MTIwMDAwMDAwMDAwMH19",
          "dependencies": [
            "aws_vpc.website_fpm_nginx_vpc"
          ]
        }
      ]
    },
    {
      "mode": "managed",
      "type": "aws_route_table",
      "name": "private_website_fpm_nginx_rt",
      "provider": "provider[\"registry.terraform.io/hashicorp/aws\"]",
      "instances": [
        {
          "schema_version": 0,
          "attributes": {
            "arn": "arn:aws:ec2:us-east-1:948107632124:route-table/rtb-047295cccba251aa4",
            "id": "rtb-047295cccba251aa4",
            "owner_id": "948107632124",
            "propagating_vgws": [],
            "route": [],
            "tags": {
              "Name": "private_website_fpm_nginx_rt"
            },
            "tags_all": {
              "Name": "private_website_fpm_nginx_rt"
            },
            "timeouts": null,
            "vpc_id": "vpc-067851149a1c399c8"
          },
          "sensitive_attributes": [],
          "private": "eyJlMmJmYjczMC1lY2FhLTExZTYtOGY4OC0zNDM2M2JjN2M0YzAiOnsiY3JlYXRlIjozMDAwMDAwMDAwMDAsImRlbGV0ZSI6MzAwMDAwMDAwMDAwLCJ1cGRhdGUiOjEyMDAwMDAwMDAwMH19",
          "dependencies": [
            "aws_vpc.website_fpm_nginx_vpc"
          ]
        }
      ]
    },
    {
      "mode": "managed",
      "type": "aws_route_table",
      "name": "public_website_fpm_nginx_rt",
      "provider": "provider[\"registry.terraform.io/hashicorp/aws\"]",
      "instances": [
        {
          "schema_version": 0,
          "attributes": {
            "arn": "arn:aws:ec2:us-east-1:948107632124:route-table/rtb-068b4207473000239",
            "id": "rtb-068b4207473000239",
            "owner_id": "948107632124",
            "propagating_vgws": [],
            "route": [
              {
                "carrier_gateway_id": "",
                "cidr_block": "0.0.0.0/0",
                "core_network_arn": "",
                "destination_prefix_list_id": "",
                "egress_only_gateway_id": "",
                "gateway_id": "igw-0d17873a061f23fe7",
                "instance_id": "",
                "ipv6_cidr_block": "",
                "local_gateway_id": "",
                "nat_gateway_id": "",
                "network_interface_id": "",
                "transit_gateway_id": "",
                "vpc_endpoint_id": "",
                "vpc_peering_connection_id": ""
              }
            ],
            "tags": {
              "Name": "public_website_fpm_nginx_rt"
            },
            "tags_all": {
              "Name": "public_website_fpm_nginx_rt"
            },
            "timeouts": null,
            "vpc_id": "vpc-067851149a1c399c8"
          },
          "sensitive_attributes": [],
          "private": "eyJlMmJmYjczMC1lY2FhLTExZTYtOGY4OC0zNDM2M2JjN2M0YzAiOnsiY3JlYXRlIjozMDAwMDAwMDAwMDAsImRlbGV0ZSI6MzAwMDAwMDAwMDAwLCJ1cGRhdGUiOjEyMDAwMDAwMDAwMH19",
          "dependencies": [
            "aws_internet_gateway.website_fpm_nginx_gateway",
            "aws_vpc.website_fpm_nginx_vpc"
          ]
        }
      ]
    },
    {
      "mode": "managed",
      "type": "aws_route_table_association",
      "name": "private_association_1",
      "provider": "provider[\"registry.terraform.io/hashicorp/aws\"]",
      "instances": [
        {
          "schema_version": 0,
          "attributes": {
            "gateway_id": "",
            "id": "rtbassoc-01124da3e01aa53c2",
            "route_table_id": "rtb-047295cccba251aa4",
            "subnet_id": "subnet-01c690897f2289bf6",
            "timeouts": null
          },
          "sensitive_attributes": [],
          "private": "eyJlMmJmYjczMC1lY2FhLTExZTYtOGY4OC0zNDM2M2JjN2M0YzAiOnsiY3JlYXRlIjozMDAwMDAwMDAwMDAsImRlbGV0ZSI6MzAwMDAwMDAwMDAwLCJ1cGRhdGUiOjEyMDAwMDAwMDAwMH19",
          "dependencies": [
            "aws_route_table.private_website_fpm_nginx_rt",
            "aws_subnet.private_website_fpm_nginx_subnet_0",
            "aws_vpc.website_fpm_nginx_vpc",
            "data.aws_availability_zones.zones"
          ]
        }
      ]
    },
    {
      "mode": "managed",
      "type": "aws_route_table_association",
      "name": "private_association_2",
      "provider": "provider[\"registry.terraform.io/hashicorp/aws\"]",
      "instances": [
        {
          "schema_version": 0,
          "attributes": {
            "gateway_id": "",
            "id": "rtbassoc-0728922f22ad3dba4",
            "route_table_id": "rtb-047295cccba251aa4",
            "subnet_id": "subnet-03d254fef7b15ac31",
            "timeouts": null
          },
          "sensitive_attributes": [],
          "private": "eyJlMmJmYjczMC1lY2FhLTExZTYtOGY4OC0zNDM2M2JjN2M0YzAiOnsiY3JlYXRlIjozMDAwMDAwMDAwMDAsImRlbGV0ZSI6MzAwMDAwMDAwMDAwLCJ1cGRhdGUiOjEyMDAwMDAwMDAwMH19",
          "dependencies": [
            "aws_route_table.private_website_fpm_nginx_rt",
            "aws_subnet.private_website_fpm_nginx_subnet_1",
            "aws_vpc.website_fpm_nginx_vpc",
            "data.aws_availability_zones.zones"
          ]
        }
      ]
    },
    {
      "mode": "managed",
      "type": "aws_route_table_association",
      "name": "public_association",
      "provider": "provider[\"registry.terraform.io/hashicorp/aws\"]",
      "instances": [
        {
          "schema_version": 0,
          "attributes": {
            "gateway_id": "",
            "id": "rtbassoc-00e834825b8c3ed32",
            "route_table_id": "rtb-068b4207473000239",
            "subnet_id": "subnet-0893d251da91d5bd0",
            "timeouts": null
          },
          "sensitive_attributes": [],
          "private": "eyJlMmJmYjczMC1lY2FhLTExZTYtOGY4OC0zNDM2M2JjN2M0YzAiOnsiY3JlYXRlIjozMDAwMDAwMDAwMDAsImRlbGV0ZSI6MzAwMDAwMDAwMDAwLCJ1cGRhdGUiOjEyMDAwMDAwMDAwMH19",
          "dependencies": [
            "aws_internet_gateway.website_fpm_nginx_gateway",
            "aws_route_table.public_website_fpm_nginx_rt",
            "aws_subnet.public_website_fpm_nginx_subnet",
            "aws_vpc.website_fpm_nginx_vpc",
            "data.aws_availability_zones.zones"
          ]
        }
      ]
    },
    {
      "mode": "managed",
      "type": "aws_security_group",
      "name": "ec2_website_security_group",
      "provider": "provider[\"registry.terraform.io/hashicorp/aws\"]",
      "instances": [
        {
          "schema_version": 1,
          "attributes": {
            "arn": "arn:aws:ec2:us-east-1:948107632124:security-group/sg-0ef3d19fd07a35a78",
            "description": "ec2 security group built for the website by terraform",
            "egress": [
              {
                "cidr_blocks": [
                  "0.0.0.0/0"
                ],
                "description": "",
                "from_port": 0,
                "ipv6_cidr_blocks": [],
                "prefix_list_ids": [],
                "protocol": "-1",
                "security_groups": [],
                "self": false,
                "to_port": 0
              }
            ],
            "id": "sg-0ef3d19fd07a35a78",
            "ingress": [
              {
                "cidr_blocks": [
                  "0.0.0.0/0"
                ],
                "description": "http access",
                "from_port": 80,
                "ipv6_cidr_blocks": [],
                "prefix_list_ids": [],
                "protocol": "tcp",
                "security_groups": [],
                "self": false,
                "to_port": 80
              },
              {
                "cidr_blocks": [
                  "0.0.0.0/0"
                ],
                "description": "ssh access",
                "from_port": 22,
                "ipv6_cidr_blocks": [],
                "prefix_list_ids": [],
                "protocol": "tcp",
                "security_groups": [],
                "self": false,
                "to_port": 22
              }
            ],
            "name": "ec2_website_security_group",
            "name_prefix": "",
            "owner_id": "948107632124",
            "revoke_rules_on_delete": false,
            "tags": {
              "Name": "ec2_website_security_group"
            },
            "tags_all": {
              "Name": "ec2_website_security_group"
            },
            "timeouts": null,
            "vpc_id": "vpc-067851149a1c399c8"
          },
          "sensitive_attributes": [],
          "private": "eyJlMmJmYjczMC1lY2FhLTExZTYtOGY4OC0zNDM2M2JjN2M0YzAiOnsiY3JlYXRlIjo2MDAwMDAwMDAwMDAsImRlbGV0ZSI6OTAwMDAwMDAwMDAwfSwic2NoZW1hX3ZlcnNpb24iOiIxIn0=",
          "dependencies": [
            "aws_vpc.website_fpm_nginx_vpc"
          ]
        }
      ]
    },
    {
      "mode": "managed",
      "type": "aws_subnet",
      "name": "private_website_fpm_nginx_subnet_0",
      "provider": "provider[\"registry.terraform.io/hashicorp/aws\"]",
      "instances": [
        {
          "schema_version": 1,
          "attributes": {
            "arn": "arn:aws:ec2:us-east-1:948107632124:subnet/subnet-01c690897f2289bf6",
            "assign_ipv6_address_on_creation": false,
            "availability_zone": "us-east-1a",
            "availability_zone_id": "use1-az6",
            "cidr_block": "10.0.0.0/24",
            "customer_owned_ipv4_pool": "",
            "enable_dns64": false,
            "enable_lni_at_device_index": 0,
            "enable_resource_name_dns_a_record_on_launch": false,
            "enable_resource_name_dns_aaaa_record_on_launch": false,
            "id": "subnet-01c690897f2289bf6",
            "ipv6_cidr_block": "",
            "ipv6_cidr_block_association_id": "",
            "ipv6_native": false,
            "map_customer_owned_ip_on_launch": false,
            "map_public_ip_on_launch": false,
            "outpost_arn": "",
            "owner_id": "948107632124",
            "private_dns_hostname_type_on_launch": "ip-name",
            "tags": {
              "Name": "private_website_fpm_nginx_sn_0"
            },
            "tags_all": {
              "Name": "private_website_fpm_nginx_sn_0"
            },
            "timeouts": null,
            "vpc_id": "vpc-067851149a1c399c8"
          },
          "sensitive_attributes": [],
          "private": "eyJlMmJmYjczMC1lY2FhLTExZTYtOGY4OC0zNDM2M2JjN2M0YzAiOnsiY3JlYXRlIjo2MDAwMDAwMDAwMDAsImRlbGV0ZSI6MTIwMDAwMDAwMDAwMH0sInNjaGVtYV92ZXJzaW9uIjoiMSJ9",
          "dependencies": [
            "aws_vpc.website_fpm_nginx_vpc",
            "data.aws_availability_zones.zones"
          ]
        }
      ]
    },
    {
      "mode": "managed",
      "type": "aws_subnet",
      "name": "private_website_fpm_nginx_subnet_1",
      "provider": "provider[\"registry.terraform.io/hashicorp/aws\"]",
      "instances": [
        {
          "schema_version": 1,
          "attributes": {
            "arn": "arn:aws:ec2:us-east-1:948107632124:subnet/subnet-03d254fef7b15ac31",
            "assign_ipv6_address_on_creation": false,
            "availability_zone": "us-east-1a",
            "availability_zone_id": "use1-az6",
            "cidr_block": "10.0.1.0/24",
            "customer_owned_ipv4_pool": "",
            "enable_dns64": false,
            "enable_lni_at_device_index": 0,
            "enable_resource_name_dns_a_record_on_launch": false,
            "enable_resource_name_dns_aaaa_record_on_launch": false,
            "id": "subnet-03d254fef7b15ac31",
            "ipv6_cidr_block": "",
            "ipv6_cidr_block_association_id": "",
            "ipv6_native": false,
            "map_customer_owned_ip_on_launch": false,
            "map_public_ip_on_launch": false,
            "outpost_arn": "",
            "owner_id": "948107632124",
            "private_dns_hostname_type_on_launch": "ip-name",
            "tags": {
              "Name": "private_website_fpm_nginx_sn_1"
            },
            "tags_all": {
              "Name": "private_website_fpm_nginx_sn_1"
            },
            "timeouts": null,
            "vpc_id": "vpc-067851149a1c399c8"
          },
          "sensitive_attributes": [],
          "private": "eyJlMmJmYjczMC1lY2FhLTExZTYtOGY4OC0zNDM2M2JjN2M0YzAiOnsiY3JlYXRlIjo2MDAwMDAwMDAwMDAsImRlbGV0ZSI6MTIwMDAwMDAwMDAwMH0sInNjaGVtYV92ZXJzaW9uIjoiMSJ9",
          "dependencies": [
            "aws_vpc.website_fpm_nginx_vpc",
            "data.aws_availability_zones.zones"
          ]
        }
      ]
    },
    {
      "mode": "managed",
      "type": "aws_subnet",
      "name": "public_website_fpm_nginx_subnet",
      "provider": "provider[\"registry.terraform.io/hashicorp/aws\"]",
      "instances": [
        {
          "schema_version": 1,
          "attributes": {
            "arn": "arn:aws:ec2:us-east-1:948107632124:subnet/subnet-0893d251da91d5bd0",
            "assign_ipv6_address_on_creation": false,
            "availability_zone": "us-east-1a",
            "availability_zone_id": "use1-az6",
            "cidr_block": "10.0.2.0/24",
            "customer_owned_ipv4_pool": "",
            "enable_dns64": false,
            "enable_lni_at_device_index": 0,
            "enable_resource_name_dns_a_record_on_launch": true,
            "enable_resource_name_dns_aaaa_record_on_launch": false,
            "id": "subnet-0893d251da91d5bd0",
            "ipv6_cidr_block": "",
            "ipv6_cidr_block_association_id": "",
            "ipv6_native": false,
            "map_customer_owned_ip_on_launch": false,
            "map_public_ip_on_launch": true,
            "outpost_arn": "",
            "owner_id": "948107632124",
            "private_dns_hostname_type_on_launch": "ip-name",
            "tags": {
              "Name": "public_website_fpm_nginx_sn"
            },
            "tags_all": {
              "Name": "public_website_fpm_nginx_sn"
            },
            "timeouts": null,
            "vpc_id": "vpc-067851149a1c399c8"
          },
          "sensitive_attributes": [],
          "private": "eyJlMmJmYjczMC1lY2FhLTExZTYtOGY4OC0zNDM2M2JjN2M0YzAiOnsiY3JlYXRlIjo2MDAwMDAwMDAwMDAsImRlbGV0ZSI6MTIwMDAwMDAwMDAwMH0sInNjaGVtYV92ZXJzaW9uIjoiMSJ9",
          "dependencies": [
            "aws_vpc.website_fpm_nginx_vpc",
            "data.aws_availability_zones.zones"
          ]
        }
      ]
    },
    {
      "mode": "managed",
      "type": "aws_vpc",
      "name": "website_fpm_nginx_vpc",
      "provider": "provider[\"registry.terraform.io/hashicorp/aws\"]",
      "instances": [
        {
          "schema_version": 1,
          "attributes": {
            "arn": "arn:aws:ec2:us-east-1:948107632124:vpc/vpc-067851149a1c399c8",
            "assign_generated_ipv6_cidr_block": false,
            "cidr_block": "10.0.0.0/22",
            "default_network_acl_id": "acl-00e6158d92287aa59",
            "default_route_table_id": "rtb-0eefcb172c110f364",
            "default_security_group_id": "sg-00354f0f2e507ddb3",
            "dhcp_options_id": "dopt-00d9007887d4ebe46",
            "enable_classiclink": false,
            "enable_classiclink_dns_support": false,
            "enable_dns_hostnames": false,
            "enable_dns_support": true,
            "enable_network_address_usage_metrics": false,
            "id": "vpc-067851149a1c399c8",
            "instance_tenancy": "default",
            "ipv4_ipam_pool_id": null,
            "ipv4_netmask_length": null,
            "ipv6_association_id": "",
            "ipv6_cidr_block": "",
            "ipv6_cidr_block_network_border_group": "",
            "ipv6_ipam_pool_id": "",
            "ipv6_netmask_length": 0,
            "main_route_table_id": "rtb-0eefcb172c110f364",
            "owner_id": "948107632124",
            "tags": {
              "Name": "website_fpm_nginx_vpc"
            },
            "tags_all": {
              "Name": "website_fpm_nginx_vpc"
            }
          },
          "sensitive_attributes": [],
          "private": "eyJzY2hlbWFfdmVyc2lvbiI6IjEifQ=="
        }
      ]
    }
  ],
  "check_results": null
}
